
Microsoft Visual Studio Solution File, Format Version 12.00
# Visual Studio Version 16
VisualStudioVersion = 16.0.29806.167
MinimumVisualStudioVersion = 10.0.40219.1
Project("{FAE04EC0-301F-11D3-BF4B-00C04F79EFBC}") = "2.Ders", "2.Ders\2.Ders.csproj", "{54E36754-6E4B-492B-AE98-69CC4FD6E510}"
EndProject
Project("{2150E333-8FDC-42A3-9474-1A3956D46DE8}") = "Solution Items", "Solution Items", "{643A6152-E5EB-43F5-8109-6E75BCC6DFD3}"
	ProjectSection(SolutionItems) = preProject
		.editorconfig = .editorconfig
	EndProjectSection
EndProject
Global
	GlobalSection(SolutionConfigurationPlatforms) = preSolution
		Debug|Any CPU = Debug|Any CPU
		Release|Any CPU = Release|Any CPU
	EndGlobalSection
	GlobalSection(ProjectConfigurationPlatforms) = postSolution
		{54E36754-6E4B-492B-AE98-69CC4FD6E510}.Debug|Any CPU.ActiveCfg = Debug|Any CPU
		{54E36754-6E4B-492B-AE98-69CC4FD6E510}.Debug|Any CPU.Build.0 = Debug|Any CPU
		{54E36754-6E4B-492B-AE98-69CC4FD6E510}.Release|Any CPU.ActiveCfg = Release|Any CPU
		{54E36754-6E4B-492B-AE98-69CC4FD6E510}.Release|Any CPU.Build.0 = Release|Any CPU
	EndGlobalSection
	GlobalSection(SolutionProperties) = preSolution
		HideSolutionNode = FALSE
	EndGlobalSection
	GlobalSection(ExtensibilityGlobals) = postSolution
		SolutionGuid = {0928C893-0484-4A7A-9833-BF5702BF3754}
	EndGlobalSection
EndGlobal
